
Microsoft Visual Studio Solution File, Format Version 12.00
# Visual Studio Version 16
VisualStudioVersion = 16.0.30517.126
MinimumVisualStudioVersion = 10.0.40219.1
Project("{FAE04EC0-301F-11D3-BF4B-00C04F79EFBC}") = "PrecioIva", "PrecioIva\PrecioIva.csproj", "{4DCCB582-2140-447C-AAC0-BE3DE250BCE7}"
EndProject
Global
	GlobalSection(SolutionConfigurationPlatforms) = preSolution
		Debug|Any CPU = Debug|Any CPU
		Release|Any CPU = Release|Any CPU
	EndGlobalSection
	GlobalSection(ProjectConfigurationPlatforms) = postSolution
		{4DCCB582-2140-447C-AAC0-BE3DE250BCE7}.Debug|Any CPU.ActiveCfg = Debug|Any CPU
		{4DCCB582-2140-447C-AAC0-BE3DE250BCE7}.Debug|Any CPU.Build.0 = Debug|Any CPU
		{4DCCB582-2140-447C-AAC0-BE3DE250BCE7}.Release|Any CPU.ActiveCfg = Release|Any CPU
		{4DCCB582-2140-447C-AAC0-BE3DE250BCE7}.Release|Any CPU.Build.0 = Release|Any CPU
	EndGlobalSection
	GlobalSection(SolutionProperties) = preSolution
		HideSolutionNode = FALSE
	EndGlobalSection
	GlobalSection(ExtensibilityGlobals) = postSolution
		SolutionGuid = {092B7823-5858-40F5-888F-DD0899813332}
	EndGlobalSection
EndGlobal
